
Microsoft Visual Studio Solution File, Format Version 12.00
# Visual Studio 15
VisualStudioVersion = 15.0.28307.960
MinimumVisualStudioVersion = 10.0.40219.1
Project("{FAE04EC0-301F-11D3-BF4B-00C04F79EFBC}") = "Acchasa", "Acchasa\Acchasa.csproj", "{65E079BD-3CC2-428E-B389-18560883C666}"
EndProject
Global
	GlobalSection(SolutionConfigurationPlatforms) = preSolution
		Debug|Any CPU = Debug|Any CPU
		Release|Any CPU = Release|Any CPU
	EndGlobalSection
	GlobalSection(ProjectConfigurationPlatforms) = postSolution
		{65E079BD-3CC2-428E-B389-18560883C666}.Debug|Any CPU.ActiveCfg = Debug|Any CPU
		{65E079BD-3CC2-428E-B389-18560883C666}.Debug|Any CPU.Build.0 = Debug|Any CPU
		{65E079BD-3CC2-428E-B389-18560883C666}.Release|Any CPU.ActiveCfg = Release|Any CPU
		{65E079BD-3CC2-428E-B389-18560883C666}.Release|Any CPU.Build.0 = Release|Any CPU
	EndGlobalSection
	GlobalSection(SolutionProperties) = preSolution
		HideSolutionNode = FALSE
	EndGlobalSection
	GlobalSection(ExtensibilityGlobals) = postSolution
		SolutionGuid = {1C528E3B-3C76-47B3-8326-3677CE9F9324}
	EndGlobalSection
EndGlobal
